
Microsoft Visual Studio Solution File, Format Version 12.00
# Visual Studio Version 16
VisualStudioVersion = 16.0.35130.168
MinimumVisualStudioVersion = 10.0.40219.1
Project("{8BC9CEB8-8B4A-11D0-8D11-00A0C91BC942}") = "KGCA44", "KGCA44\KGCA44.vcxproj", "{A01F9D71-EEB5-4AD4-AA12-F0575BB3F608}"
EndProject
Project("{8BC9CEB8-8B4A-11D0-8D11-00A0C91BC942}") = "FileIO_0", "FileIO_0\FileIO_0.vcxproj", "{3200A72F-AB7A-4F4D-B84B-C305C7D94483}"
EndProject
Project("{8BC9CEB8-8B4A-11D0-8D11-00A0C91BC942}") = "StackLinkedList", "StackLinkedList\StackLinkedList.vcxproj", "{6A1C4474-568C-4483-8A8B-E489B793206A}"
EndProject
Project("{8BC9CEB8-8B4A-11D0-8D11-00A0C91BC942}") = "LinkedList_0", "LinkedList_0\LinkedList_0.vcxproj", "{095A194A-606F-4C0A-AF9F-CACD3D616C5E}"
EndProject
Project("{8BC9CEB8-8B4A-11D0-8D11-00A0C91BC942}") = "LinkedList_1", "LinkedList_1\LinkedList_1.vcxproj", "{EFE646E3-2258-4B22-B1FB-2CE13DC93357}"
EndProject
Project("{8BC9CEB8-8B4A-11D0-8D11-00A0C91BC942}") = "LinkedList_2", "LinkedList_2\LinkedList_2.vcxproj", "{13444226-3B54-42DE-955D-4AE5C832686E}"
EndProject
Project("{8BC9CEB8-8B4A-11D0-8D11-00A0C91BC942}") = "LinkedList_3", "LinkedList_3\LinkedList_3.vcxproj", "{216A0087-7565-4AF5-823D-EEFD854BCEB4}"
EndProject
Project("{8BC9CEB8-8B4A-11D0-8D11-00A0C91BC942}") = "LinkedList_4", "LinkedList_4\LinkedList_4.vcxproj", "{D31CBB1D-096A-45D0-9A4E-7DE8E4C8CDD4}"
EndProject
Project("{8BC9CEB8-8B4A-11D0-8D11-00A0C91BC942}") = "LinkedList_5", "LinkedList_5\LinkedList_5.vcxproj", "{27F2EC86-2846-4A02-9130-CABDEC96982D}"
EndProject
Project("{2150E333-8FDC-42A3-9474-1A3956D46DE8}") = "CLang", "CLang", "{0BE01FBE-895E-4F1F-9435-D34DE5FABC57}"
EndProject
Project("{2150E333-8FDC-42A3-9474-1A3956D46DE8}") = "C++", "C++", "{7B3369ED-DD30-4307-853B-AD45F555EE35}"
EndProject
Project("{8BC9CEB8-8B4A-11D0-8D11-00A0C91BC942}") = "SampleClass_0", "SampleClass_0\SampleClass_0.vcxproj", "{0028D801-603E-44F3-9C06-11CA0E79FEF1}"
EndProject
Project("{8BC9CEB8-8B4A-11D0-8D11-00A0C91BC942}") = "SampleClass_1", "SampleClass_1\SampleClass_1.vcxproj", "{63CB3D45-447F-4751-A56C-04F722D8839F}"
EndProject
Project("{8BC9CEB8-8B4A-11D0-8D11-00A0C91BC942}") = "SampleClass_2", "SampleClass_2\SampleClass_2.vcxproj", "{3B4DFC4A-83E3-440B-AB86-1F9B202116D7}"
EndProject
Project("{8BC9CEB8-8B4A-11D0-8D11-00A0C91BC942}") = "QueueLinkedList", "QueueLinkedList\QueueLinkedList.vcxproj", "{A499C0AE-065A-41E1-B08E-BACDC3CB48C1}"
EndProject
Project("{8BC9CEB8-8B4A-11D0-8D11-00A0C91BC942}") = "CircularQueueLinkedList", "CircularQueueLinkedList\CircularQueueLinkedList.vcxproj", "{EABD4F6C-57D0-4D22-B876-C7F2B0C89905}"
EndProject
Project("{8BC9CEB8-8B4A-11D0-8D11-00A0C91BC942}") = "VirtualClass", "VirtualClass\VirtualClass.vcxproj", "{2D2F9435-978C-4BC6-95C6-0965A63EBF99}"
EndProject
Project("{8BC9CEB8-8B4A-11D0-8D11-00A0C91BC942}") = "SampleClass_3", "SampleClass_3\SampleClass_3.vcxproj", "{906A5198-5267-44AF-BAF2-9E5FBBC47EB8}"
EndProject
Project("{8BC9CEB8-8B4A-11D0-8D11-00A0C91BC942}") = "SampleClass_4", "SampleClass_4\SampleClass_4.vcxproj", "{8F8271F6-123F-4753-99B4-2683DF7AD906}"
EndProject
Project("{8BC9CEB8-8B4A-11D0-8D11-00A0C91BC942}") = "SampleClass_5", "SampleClass_5\SampleClass_5.vcxproj", "{BA417CAB-B5C4-4495-945E-9DFFD9BD4EC6}"
EndProject
Project("{8BC9CEB8-8B4A-11D0-8D11-00A0C91BC942}") = "SampleClass_6", "SampleClass_6\SampleClass_6.vcxproj", "{1F9967CF-F026-4E09-8F09-2CFE78048F79}"
EndProject
Project("{2150E333-8FDC-42A3-9474-1A3956D46DE8}") = "STL", "STL", "{8379A83D-098F-4A72-B509-FDE9E9665EB9}"
EndProject
Project("{8BC9CEB8-8B4A-11D0-8D11-00A0C91BC942}") = "StackQuque", "StackQuque\StackQuque.vcxproj", "{26A30D1E-C455-4E73-BADC-D0CB852E1E1B}"
EndProject
Project("{8BC9CEB8-8B4A-11D0-8D11-00A0C91BC942}") = "Vector", "Vector\Vector.vcxproj", "{D0C3AA03-C40F-4DA3-95D5-AE68E3453CB7}"
EndProject
Project("{8BC9CEB8-8B4A-11D0-8D11-00A0C91BC942}") = "List", "List\List.vcxproj", "{E0E28BE2-65F5-499A-B342-10D2D4933685}"
EndProject
Project("{8BC9CEB8-8B4A-11D0-8D11-00A0C91BC942}") = "set", "set\set.vcxproj", "{7C11EEBE-17A4-4FDD-9ACB-AA522C6A9495}"
EndProject
Project("{8BC9CEB8-8B4A-11D0-8D11-00A0C91BC942}") = "Map", "Map\Map.vcxproj", "{22F8E43A-EB1E-40AB-9FC3-4950D0CB20B7}"
EndProject
Project("{8BC9CEB8-8B4A-11D0-8D11-00A0C91BC942}") = "priorityqueue", "priorityqueue\priorityqueue.vcxproj", "{C7BE89A2-7E47-401E-934B-E0BAB248E81B}"
EndProject
Project("{2150E333-8FDC-42A3-9474-1A3956D46DE8}") = "aGame", "aGame", "{A4476FFA-64C4-4AA6-B67F-98048B6B200C}"
EndProject
Project("{8BC9CEB8-8B4A-11D0-8D11-00A0C91BC942}") = "Solid", "Solid\Solid.vcxproj", "{55906F51-DB68-48A8-971C-E7BDC00479F5}"
EndProject
Project("{8BC9CEB8-8B4A-11D0-8D11-00A0C91BC942}") = "Window_0", "Window_0\Window_0.vcxproj", "{2A17D204-AE2C-4A0C-A058-41594CA0F1C1}"
EndProject
Project("{8BC9CEB8-8B4A-11D0-8D11-00A0C91BC942}") = "Window_1", "Window_1\Window_1.vcxproj", "{529440EA-AC7B-444D-BF5B-92F01022C28F}"
EndProject
Project("{8BC9CEB8-8B4A-11D0-8D11-00A0C91BC942}") = "WindowClass", "WindowClass\WindowClass.vcxproj", "{03A0F099-01D8-4AA7-A95A-4DB3B93143F4}"
EndProject
Project("{8BC9CEB8-8B4A-11D0-8D11-00A0C91BC942}") = "CreateDevice", "CreateDevice_0\CreateDevice.vcxproj", "{53489833-D6DE-4DFE-8A26-0F455B992F08}"
EndProject
Project("{8BC9CEB8-8B4A-11D0-8D11-00A0C91BC942}") = "CreateObject_0", "CreateObject_0\CreateObject_0.vcxproj", "{36F46533-FFC1-42CF-B9D1-10E1DA43ECCD}"
EndProject
Project("{8BC9CEB8-8B4A-11D0-8D11-00A0C91BC942}") = "CreateObject_1", "CreateObject_1\CreateObject_1.vcxproj", "{C98B96FC-22C0-44CE-BFD7-6D7B7DD02974}"
EndProject
Project("{8BC9CEB8-8B4A-11D0-8D11-00A0C91BC942}") = "CreateObject_2", "CreateObject_2\CreateObject_2.vcxproj", "{40602D94-100F-4FB0-B644-CCA57075F140}"
EndProject
Global
	GlobalSection(SolutionConfigurationPlatforms) = preSolution
		Debug|x64 = Debug|x64
		Debug|x86 = Debug|x86
		Release|x64 = Release|x64
		Release|x86 = Release|x86
	EndGlobalSection
	GlobalSection(ProjectConfigurationPlatforms) = postSolution
		{A01F9D71-EEB5-4AD4-AA12-F0575BB3F608}.Debug|x64.ActiveCfg = Debug|x64
		{A01F9D71-EEB5-4AD4-AA12-F0575BB3F608}.Debug|x64.Build.0 = Debug|x64
		{A01F9D71-EEB5-4AD4-AA12-F0575BB3F608}.Debug|x86.ActiveCfg = Debug|Win32
		{A01F9D71-EEB5-4AD4-AA12-F0575BB3F608}.Debug|x86.Build.0 = Debug|Win32
		{A01F9D71-EEB5-4AD4-AA12-F0575BB3F608}.Release|x64.ActiveCfg = Release|x64
		{A01F9D71-EEB5-4AD4-AA12-F0575BB3F608}.Release|x64.Build.0 = Release|x64
		{A01F9D71-EEB5-4AD4-AA12-F0575BB3F608}.Release|x86.ActiveCfg = Release|Win32
		{A01F9D71-EEB5-4AD4-AA12-F0575BB3F608}.Release|x86.Build.0 = Release|Win32
		{3200A72F-AB7A-4F4D-B84B-C305C7D94483}.Debug|x64.ActiveCfg = Debug|x64
		{3200A72F-AB7A-4F4D-B84B-C305C7D94483}.Debug|x64.Build.0 = Debug|x64
		{3200A72F-AB7A-4F4D-B84B-C305C7D94483}.Debug|x86.ActiveCfg = Debug|Win32
		{3200A72F-AB7A-4F4D-B84B-C305C7D94483}.Debug|x86.Build.0 = Debug|Win32
		{3200A72F-AB7A-4F4D-B84B-C305C7D94483}.Release|x64.ActiveCfg = Release|x64
		{3200A72F-AB7A-4F4D-B84B-C305C7D94483}.Release|x64.Build.0 = Release|x64
		{3200A72F-AB7A-4F4D-B84B-C305C7D94483}.Release|x86.ActiveCfg = Release|Win32
		{3200A72F-AB7A-4F4D-B84B-C305C7D94483}.Release|x86.Build.0 = Release|Win32
		{6A1C4474-568C-4483-8A8B-E489B793206A}.Debug|x64.ActiveCfg = Debug|x64
		{6A1C4474-568C-4483-8A8B-E489B793206A}.Debug|x64.Build.0 = Debug|x64
		{6A1C4474-568C-4483-8A8B-E489B793206A}.Debug|x86.ActiveCfg = Debug|Win32
		{6A1C4474-568C-4483-8A8B-E489B793206A}.Debug|x86.Build.0 = Debug|Win32
		{6A1C4474-568C-4483-8A8B-E489B793206A}.Release|x64.ActiveCfg = Release|x64
		{6A1C4474-568C-4483-8A8B-E489B793206A}.Release|x64.Build.0 = Release|x64
		{6A1C4474-568C-4483-8A8B-E489B793206A}.Release|x86.ActiveCfg = Release|Win32
		{6A1C4474-568C-4483-8A8B-E489B793206A}.Release|x86.Build.0 = Release|Win32
		{095A194A-606F-4C0A-AF9F-CACD3D616C5E}.Debug|x64.ActiveCfg = Debug|x64
		{095A194A-606F-4C0A-AF9F-CACD3D616C5E}.Debug|x64.Build.0 = Debug|x64
		{095A194A-606F-4C0A-AF9F-CACD3D616C5E}.Debug|x86.ActiveCfg = Debug|Win32
		{095A194A-606F-4C0A-AF9F-CACD3D616C5E}.Debug|x86.Build.0 = Debug|Win32
		{095A194A-606F-4C0A-AF9F-CACD3D616C5E}.Release|x64.ActiveCfg = Release|x64
		{095A194A-606F-4C0A-AF9F-CACD3D616C5E}.Release|x64.Build.0 = Release|x64
		{095A194A-606F-4C0A-AF9F-CACD3D616C5E}.Release|x86.ActiveCfg = Release|Win32
		{095A194A-606F-4C0A-AF9F-CACD3D616C5E}.Release|x86.Build.0 = Release|Win32
		{EFE646E3-2258-4B22-B1FB-2CE13DC93357}.Debug|x64.ActiveCfg = Debug|x64
		{EFE646E3-2258-4B22-B1FB-2CE13DC93357}.Debug|x64.Build.0 = Debug|x64
		{EFE646E3-2258-4B22-B1FB-2CE13DC93357}.Debug|x86.ActiveCfg = Debug|Win32
		{EFE646E3-2258-4B22-B1FB-2CE13DC93357}.Debug|x86.Build.0 = Debug|Win32
		{EFE646E3-2258-4B22-B1FB-2CE13DC93357}.Release|x64.ActiveCfg = Release|x64
		{EFE646E3-2258-4B22-B1FB-2CE13DC93357}.Release|x64.Build.0 = Release|x64
		{EFE646E3-2258-4B22-B1FB-2CE13DC93357}.Release|x86.ActiveCfg = Release|Win32
		{EFE646E3-2258-4B22-B1FB-2CE13DC93357}.Release|x86.Build.0 = Release|Win32
		{13444226-3B54-42DE-955D-4AE5C832686E}.Debug|x64.ActiveCfg = Debug|x64
		{13444226-3B54-42DE-955D-4AE5C832686E}.Debug|x64.Build.0 = Debug|x64
		{13444226-3B54-42DE-955D-4AE5C832686E}.Debug|x86.ActiveCfg = Debug|Win32
		{13444226-3B54-42DE-955D-4AE5C832686E}.Debug|x86.Build.0 = Debug|Win32
		{13444226-3B54-42DE-955D-4AE5C832686E}.Release|x64.ActiveCfg = Release|x64
		{13444226-3B54-42DE-955D-4AE5C832686E}.Release|x64.Build.0 = Release|x64
		{13444226-3B54-42DE-955D-4AE5C832686E}.Release|x86.ActiveCfg = Release|Win32
		{13444226-3B54-42DE-955D-4AE5C832686E}.Release|x86.Build.0 = Release|Win32
		{216A0087-7565-4AF5-823D-EEFD854BCEB4}.Debug|x64.ActiveCfg = Debug|x64
		{216A0087-7565-4AF5-823D-EEFD854BCEB4}.Debug|x64.Build.0 = Debug|x64
		{216A0087-7565-4AF5-823D-EEFD854BCEB4}.Debug|x86.ActiveCfg = Debug|Win32
		{216A0087-7565-4AF5-823D-EEFD854BCEB4}.Debug|x86.Build.0 = Debug|Win32
		{216A0087-7565-4AF5-823D-EEFD854BCEB4}.Release|x64.ActiveCfg = Release|x64
		{216A0087-7565-4AF5-823D-EEFD854BCEB4}.Release|x64.Build.0 = Release|x64
		{216A0087-7565-4AF5-823D-EEFD854BCEB4}.Release|x86.ActiveCfg = Release|Win32
		{216A0087-7565-4AF5-823D-EEFD854BCEB4}.Release|x86.Build.0 = Release|Win32
		{D31CBB1D-096A-45D0-9A4E-7DE8E4C8CDD4}.Debug|x64.ActiveCfg = Debug|x64
		{D31CBB1D-096A-45D0-9A4E-7DE8E4C8CDD4}.Debug|x64.Build.0 = Debug|x64
		{D31CBB1D-096A-45D0-9A4E-7DE8E4C8CDD4}.Debug|x86.ActiveCfg = Debug|Win32
		{D31CBB1D-096A-45D0-9A4E-7DE8E4C8CDD4}.Debug|x86.Build.0 = Debug|Win32
		{D31CBB1D-096A-45D0-9A4E-7DE8E4C8CDD4}.Release|x64.ActiveCfg = Release|x64
		{D31CBB1D-096A-45D0-9A4E-7DE8E4C8CDD4}.Release|x64.Build.0 = Release|x64
		{D31CBB1D-096A-45D0-9A4E-7DE8E4C8CDD4}.Release|x86.ActiveCfg = Release|Win32
		{D31CBB1D-096A-45D0-9A4E-7DE8E4C8CDD4}.Release|x86.Build.0 = Release|Win32
		{27F2EC86-2846-4A02-9130-CABDEC96982D}.Debug|x64.ActiveCfg = Debug|x64
		{27F2EC86-2846-4A02-9130-CABDEC96982D}.Debug|x64.Build.0 = Debug|x64
		{27F2EC86-2846-4A02-9130-CABDEC96982D}.Debug|x86.ActiveCfg = Debug|Win32
		{27F2EC86-2846-4A02-9130-CABDEC96982D}.Debug|x86.Build.0 = Debug|Win32
		{27F2EC86-2846-4A02-9130-CABDEC96982D}.Release|x64.ActiveCfg = Release|x64
		{27F2EC86-2846-4A02-9130-CABDEC96982D}.Release|x64.Build.0 = Release|x64
		{27F2EC86-2846-4A02-9130-CABDEC96982D}.Release|x86.ActiveCfg = Release|Win32
		{27F2EC86-2846-4A02-9130-CABDEC96982D}.Release|x86.Build.0 = Release|Win32
		{0028D801-603E-44F3-9C06-11CA0E79FEF1}.Debug|x64.ActiveCfg = Debug|x64
		{0028D801-603E-44F3-9C06-11CA0E79FEF1}.Debug|x64.Build.0 = Debug|x64
		{0028D801-603E-44F3-9C06-11CA0E79FEF1}.Debug|x86.ActiveCfg = Debug|Win32
		{0028D801-603E-44F3-9C06-11CA0E79FEF1}.Debug|x86.Build.0 = Debug|Win32
		{0028D801-603E-44F3-9C06-11CA0E79FEF1}.Release|x64.ActiveCfg = Release|x64
		{0028D801-603E-44F3-9C06-11CA0E79FEF1}.Release|x64.Build.0 = Release|x64
		{0028D801-603E-44F3-9C06-11CA0E79FEF1}.Release|x86.ActiveCfg = Release|Win32
		{0028D801-603E-44F3-9C06-11CA0E79FEF1}.Release|x86.Build.0 = Release|Win32
		{63CB3D45-447F-4751-A56C-04F722D8839F}.Debug|x64.ActiveCfg = Debug|x64
		{63CB3D45-447F-4751-A56C-04F722D8839F}.Debug|x64.Build.0 = Debug|x64
		{63CB3D45-447F-4751-A56C-04F722D8839F}.Debug|x86.ActiveCfg = Debug|Win32
		{63CB3D45-447F-4751-A56C-04F722D8839F}.Debug|x86.Build.0 = Debug|Win32
		{63CB3D45-447F-4751-A56C-04F722D8839F}.Release|x64.ActiveCfg = Release|x64
		{63CB3D45-447F-4751-A56C-04F722D8839F}.Release|x64.Build.0 = Release|x64
		{63CB3D45-447F-4751-A56C-04F722D8839F}.Release|x86.ActiveCfg = Release|Win32
		{63CB3D45-447F-4751-A56C-04F722D8839F}.Release|x86.Build.0 = Release|Win32
		{3B4DFC4A-83E3-440B-AB86-1F9B202116D7}.Debug|x64.ActiveCfg = Debug|x64
		{3B4DFC4A-83E3-440B-AB86-1F9B202116D7}.Debug|x64.Build.0 = Debug|x64
		{3B4DFC4A-83E3-440B-AB86-1F9B202116D7}.Debug|x86.ActiveCfg = Debug|Win32
		{3B4DFC4A-83E3-440B-AB86-1F9B202116D7}.Debug|x86.Build.0 = Debug|Win32
		{3B4DFC4A-83E3-440B-AB86-1F9B202116D7}.Release|x64.ActiveCfg = Release|x64
		{3B4DFC4A-83E3-440B-AB86-1F9B202116D7}.Release|x64.Build.0 = Release|x64
		{3B4DFC4A-83E3-440B-AB86-1F9B202116D7}.Release|x86.ActiveCfg = Release|Win32
		{3B4DFC4A-83E3-440B-AB86-1F9B202116D7}.Release|x86.Build.0 = Release|Win32
		{A499C0AE-065A-41E1-B08E-BACDC3CB48C1}.Debug|x64.ActiveCfg = Debug|x64
		{A499C0AE-065A-41E1-B08E-BACDC3CB48C1}.Debug|x64.Build.0 = Debug|x64
		{A499C0AE-065A-41E1-B08E-BACDC3CB48C1}.Debug|x86.ActiveCfg = Debug|Win32
		{A499C0AE-065A-41E1-B08E-BACDC3CB48C1}.Debug|x86.Build.0 = Debug|Win32
		{A499C0AE-065A-41E1-B08E-BACDC3CB48C1}.Release|x64.ActiveCfg = Release|x64
		{A499C0AE-065A-41E1-B08E-BACDC3CB48C1}.Release|x64.Build.0 = Release|x64
		{A499C0AE-065A-41E1-B08E-BACDC3CB48C1}.Release|x86.ActiveCfg = Release|Win32
		{A499C0AE-065A-41E1-B08E-BACDC3CB48C1}.Release|x86.Build.0 = Release|Win32
		{EABD4F6C-57D0-4D22-B876-C7F2B0C89905}.Debug|x64.ActiveCfg = Debug|x64
		{EABD4F6C-57D0-4D22-B876-C7F2B0C89905}.Debug|x64.Build.0 = Debug|x64
		{EABD4F6C-57D0-4D22-B876-C7F2B0C89905}.Debug|x86.ActiveCfg = Debug|Win32
		{EABD4F6C-57D0-4D22-B876-C7F2B0C89905}.Debug|x86.Build.0 = Debug|Win32
		{EABD4F6C-57D0-4D22-B876-C7F2B0C89905}.Release|x64.ActiveCfg = Release|x64
		{EABD4F6C-57D0-4D22-B876-C7F2B0C89905}.Release|x64.Build.0 = Release|x64
		{EABD4F6C-57D0-4D22-B876-C7F2B0C89905}.Release|x86.ActiveCfg = Release|Win32
		{EABD4F6C-57D0-4D22-B876-C7F2B0C89905}.Release|x86.Build.0 = Release|Win32
		{2D2F9435-978C-4BC6-95C6-0965A63EBF99}.Debug|x64.ActiveCfg = Debug|x64
		{2D2F9435-978C-4BC6-95C6-0965A63EBF99}.Debug|x64.Build.0 = Debug|x64
		{2D2F9435-978C-4BC6-95C6-0965A63EBF99}.Debug|x86.ActiveCfg = Debug|Win32
		{2D2F9435-978C-4BC6-95C6-0965A63EBF99}.Debug|x86.Build.0 = Debug|Win32
		{2D2F9435-978C-4BC6-95C6-0965A63EBF99}.Release|x64.ActiveCfg = Release|x64
		{2D2F9435-978C-4BC6-95C6-0965A63EBF99}.Release|x64.Build.0 = Release|x64
		{2D2F9435-978C-4BC6-95C6-0965A63EBF99}.Release|x86.ActiveCfg = Release|Win32
		{2D2F9435-978C-4BC6-95C6-0965A63EBF99}.Release|x86.Build.0 = Release|Win32
		{906A5198-5267-44AF-BAF2-9E5FBBC47EB8}.Debug|x64.ActiveCfg = Debug|x64
		{906A5198-5267-44AF-BAF2-9E5FBBC47EB8}.Debug|x64.Build.0 = Debug|x64
		{906A5198-5267-44AF-BAF2-9E5FBBC47EB8}.Debug|x86.ActiveCfg = Debug|Win32
		{906A5198-5267-44AF-BAF2-9E5FBBC47EB8}.Debug|x86.Build.0 = Debug|Win32
		{906A5198-5267-44AF-BAF2-9E5FBBC47EB8}.Release|x64.ActiveCfg = Release|x64
		{906A5198-5267-44AF-BAF2-9E5FBBC47EB8}.Release|x64.Build.0 = Release|x64
		{906A5198-5267-44AF-BAF2-9E5FBBC47EB8}.Release|x86.ActiveCfg = Release|Win32
		{906A5198-5267-44AF-BAF2-9E5FBBC47EB8}.Release|x86.Build.0 = Release|Win32
		{8F8271F6-123F-4753-99B4-2683DF7AD906}.Debug|x64.ActiveCfg = Debug|x64
		{8F8271F6-123F-4753-99B4-2683DF7AD906}.Debug|x64.Build.0 = Debug|x64
		{8F8271F6-123F-4753-99B4-2683DF7AD906}.Debug|x86.ActiveCfg = Debug|Win32
		{8F8271F6-123F-4753-99B4-2683DF7AD906}.Debug|x86.Build.0 = Debug|Win32
		{8F8271F6-123F-4753-99B4-2683DF7AD906}.Release|x64.ActiveCfg = Release|x64
		{8F8271F6-123F-4753-99B4-2683DF7AD906}.Release|x64.Build.0 = Release|x64
		{8F8271F6-123F-4753-99B4-2683DF7AD906}.Release|x86.ActiveCfg = Release|Win32
		{8F8271F6-123F-4753-99B4-2683DF7AD906}.Release|x86.Build.0 = Release|Win32
		{BA417CAB-B5C4-4495-945E-9DFFD9BD4EC6}.Debug|x64.ActiveCfg = Debug|x64
		{BA417CAB-B5C4-4495-945E-9DFFD9BD4EC6}.Debug|x64.Build.0 = Debug|x64
		{BA417CAB-B5C4-4495-945E-9DFFD9BD4EC6}.Debug|x86.ActiveCfg = Debug|Win32
		{BA417CAB-B5C4-4495-945E-9DFFD9BD4EC6}.Debug|x86.Build.0 = Debug|Win32
		{BA417CAB-B5C4-4495-945E-9DFFD9BD4EC6}.Release|x64.ActiveCfg = Release|x64
		{BA417CAB-B5C4-4495-945E-9DFFD9BD4EC6}.Release|x64.Build.0 = Release|x64
		{BA417CAB-B5C4-4495-945E-9DFFD9BD4EC6}.Release|x86.ActiveCfg = Release|Win32
		{BA417CAB-B5C4-4495-945E-9DFFD9BD4EC6}.Release|x86.Build.0 = Release|Win32
		{1F9967CF-F026-4E09-8F09-2CFE78048F79}.Debug|x64.ActiveCfg = Debug|x64
		{1F9967CF-F026-4E09-8F09-2CFE78048F79}.Debug|x64.Build.0 = Debug|x64
		{1F9967CF-F026-4E09-8F09-2CFE78048F79}.Debug|x86.ActiveCfg = Debug|Win32
		{1F9967CF-F026-4E09-8F09-2CFE78048F79}.Debug|x86.Build.0 = Debug|Win32
		{1F9967CF-F026-4E09-8F09-2CFE78048F79}.Release|x64.ActiveCfg = Release|x64
		{1F9967CF-F026-4E09-8F09-2CFE78048F79}.Release|x64.Build.0 = Release|x64
		{1F9967CF-F026-4E09-8F09-2CFE78048F79}.Release|x86.ActiveCfg = Release|Win32
		{1F9967CF-F026-4E09-8F09-2CFE78048F79}.Release|x86.Build.0 = Release|Win32
		{26A30D1E-C455-4E73-BADC-D0CB852E1E1B}.Debug|x64.ActiveCfg = Debug|x64
		{26A30D1E-C455-4E73-BADC-D0CB852E1E1B}.Debug|x64.Build.0 = Debug|x64
		{26A30D1E-C455-4E73-BADC-D0CB852E1E1B}.Debug|x86.ActiveCfg = Debug|Win32
		{26A30D1E-C455-4E73-BADC-D0CB852E1E1B}.Debug|x86.Build.0 = Debug|Win32
		{26A30D1E-C455-4E73-BADC-D0CB852E1E1B}.Release|x64.ActiveCfg = Release|x64
		{26A30D1E-C455-4E73-BADC-D0CB852E1E1B}.Release|x64.Build.0 = Release|x64
		{26A30D1E-C455-4E73-BADC-D0CB852E1E1B}.Release|x86.ActiveCfg = Release|Win32
		{26A30D1E-C455-4E73-BADC-D0CB852E1E1B}.Release|x86.Build.0 = Release|Win32
		{D0C3AA03-C40F-4DA3-95D5-AE68E3453CB7}.Debug|x64.ActiveCfg = Debug|x64
		{D0C3AA03-C40F-4DA3-95D5-AE68E3453CB7}.Debug|x64.Build.0 = Debug|x64
		{D0C3AA03-C40F-4DA3-95D5-AE68E3453CB7}.Debug|x86.ActiveCfg = Debug|Win32
		{D0C3AA03-C40F-4DA3-95D5-AE68E3453CB7}.Debug|x86.Build.0 = Debug|Win32
		{D0C3AA03-C40F-4DA3-95D5-AE68E3453CB7}.Release|x64.ActiveCfg = Release|x64
		{D0C3AA03-C40F-4DA3-95D5-AE68E3453CB7}.Release|x64.Build.0 = Release|x64
		{D0C3AA03-C40F-4DA3-95D5-AE68E3453CB7}.Release|x86.ActiveCfg = Release|Win32
		{D0C3AA03-C40F-4DA3-95D5-AE68E3453CB7}.Release|x86.Build.0 = Release|Win32
		{E0E28BE2-65F5-499A-B342-10D2D4933685}.Debug|x64.ActiveCfg = Debug|x64
		{E0E28BE2-65F5-499A-B342-10D2D4933685}.Debug|x64.Build.0 = Debug|x64
		{E0E28BE2-65F5-499A-B342-10D2D4933685}.Debug|x86.ActiveCfg = Debug|Win32
		{E0E28BE2-65F5-499A-B342-10D2D4933685}.Debug|x86.Build.0 = Debug|Win32
		{E0E28BE2-65F5-499A-B342-10D2D4933685}.Release|x64.ActiveCfg = Release|x64
		{E0E28BE2-65F5-499A-B342-10D2D4933685}.Release|x64.Build.0 = Release|x64
		{E0E28BE2-65F5-499A-B342-10D2D4933685}.Release|x86.ActiveCfg = Release|Win32
		{E0E28BE2-65F5-499A-B342-10D2D4933685}.Release|x86.Build.0 = Release|Win32
		{7C11EEBE-17A4-4FDD-9ACB-AA522C6A9495}.Debug|x64.ActiveCfg = Debug|x64
		{7C11EEBE-17A4-4FDD-9ACB-AA522C6A9495}.Debug|x64.Build.0 = Debug|x64
		{7C11EEBE-17A4-4FDD-9ACB-AA522C6A9495}.Debug|x86.ActiveCfg = Debug|Win32
		{7C11EEBE-17A4-4FDD-9ACB-AA522C6A9495}.Debug|x86.Build.0 = Debug|Win32
		{7C11EEBE-17A4-4FDD-9ACB-AA522C6A9495}.Release|x64.ActiveCfg = Release|x64
		{7C11EEBE-17A4-4FDD-9ACB-AA522C6A9495}.Release|x64.Build.0 = Release|x64
		{7C11EEBE-17A4-4FDD-9ACB-AA522C6A9495}.Release|x86.ActiveCfg = Release|Win32
		{7C11EEBE-17A4-4FDD-9ACB-AA522C6A9495}.Release|x86.Build.0 = Release|Win32
		{22F8E43A-EB1E-40AB-9FC3-4950D0CB20B7}.Debug|x64.ActiveCfg = Debug|x64
		{22F8E43A-EB1E-40AB-9FC3-4950D0CB20B7}.Debug|x64.Build.0 = Debug|x64
		{22F8E43A-EB1E-40AB-9FC3-4950D0CB20B7}.Debug|x86.ActiveCfg = Debug|Win32
		{22F8E43A-EB1E-40AB-9FC3-4950D0CB20B7}.Debug|x86.Build.0 = Debug|Win32
		{22F8E43A-EB1E-40AB-9FC3-4950D0CB20B7}.Release|x64.ActiveCfg = Release|x64
		{22F8E43A-EB1E-40AB-9FC3-4950D0CB20B7}.Release|x64.Build.0 = Release|x64
		{22F8E43A-EB1E-40AB-9FC3-4950D0CB20B7}.Release|x86.ActiveCfg = Release|Win32
		{22F8E43A-EB1E-40AB-9FC3-4950D0CB20B7}.Release|x86.Build.0 = Release|Win32
		{C7BE89A2-7E47-401E-934B-E0BAB248E81B}.Debug|x64.ActiveCfg = Debug|x64
		{C7BE89A2-7E47-401E-934B-E0BAB248E81B}.Debug|x64.Build.0 = Debug|x64
		{C7BE89A2-7E47-401E-934B-E0BAB248E81B}.Debug|x86.ActiveCfg = Debug|Win32
		{C7BE89A2-7E47-401E-934B-E0BAB248E81B}.Debug|x86.Build.0 = Debug|Win32
		{C7BE89A2-7E47-401E-934B-E0BAB248E81B}.Release|x64.ActiveCfg = Release|x64
		{C7BE89A2-7E47-401E-934B-E0BAB248E81B}.Release|x64.Build.0 = Release|x64
		{C7BE89A2-7E47-401E-934B-E0BAB248E81B}.Release|x86.ActiveCfg = Release|Win32
		{C7BE89A2-7E47-401E-934B-E0BAB248E81B}.Release|x86.Build.0 = Release|Win32
		{55906F51-DB68-48A8-971C-E7BDC00479F5}.Debug|x64.ActiveCfg = Debug|x64
		{55906F51-DB68-48A8-971C-E7BDC00479F5}.Debug|x64.Build.0 = Debug|x64
		{55906F51-DB68-48A8-971C-E7BDC00479F5}.Debug|x86.ActiveCfg = Debug|Win32
		{55906F51-DB68-48A8-971C-E7BDC00479F5}.Debug|x86.Build.0 = Debug|Win32
		{55906F51-DB68-48A8-971C-E7BDC00479F5}.Release|x64.ActiveCfg = Release|x64
		{55906F51-DB68-48A8-971C-E7BDC00479F5}.Release|x64.Build.0 = Release|x64
		{55906F51-DB68-48A8-971C-E7BDC00479F5}.Release|x86.ActiveCfg = Release|Win32
		{55906F51-DB68-48A8-971C-E7BDC00479F5}.Release|x86.Build.0 = Release|Win32
		{2A17D204-AE2C-4A0C-A058-41594CA0F1C1}.Debug|x64.ActiveCfg = Debug|x64
		{2A17D204-AE2C-4A0C-A058-41594CA0F1C1}.Debug|x64.Build.0 = Debug|x64
		{2A17D204-AE2C-4A0C-A058-41594CA0F1C1}.Debug|x86.ActiveCfg = Debug|Win32
		{2A17D204-AE2C-4A0C-A058-41594CA0F1C1}.Debug|x86.Build.0 = Debug|Win32
		{2A17D204-AE2C-4A0C-A058-41594CA0F1C1}.Release|x64.ActiveCfg = Release|x64
		{2A17D204-AE2C-4A0C-A058-41594CA0F1C1}.Release|x64.Build.0 = Release|x64
		{2A17D204-AE2C-4A0C-A058-41594CA0F1C1}.Release|x86.ActiveCfg = Release|Win32
		{2A17D204-AE2C-4A0C-A058-41594CA0F1C1}.Release|x86.Build.0 = Release|Win32
		{529440EA-AC7B-444D-BF5B-92F01022C28F}.Debug|x64.ActiveCfg = Debug|x64
		{529440EA-AC7B-444D-BF5B-92F01022C28F}.Debug|x64.Build.0 = Debug|x64
		{529440EA-AC7B-444D-BF5B-92F01022C28F}.Debug|x86.ActiveCfg = Debug|Win32
		{529440EA-AC7B-444D-BF5B-92F01022C28F}.Debug|x86.Build.0 = Debug|Win32
		{529440EA-AC7B-444D-BF5B-92F01022C28F}.Release|x64.ActiveCfg = Release|x64
		{529440EA-AC7B-444D-BF5B-92F01022C28F}.Release|x64.Build.0 = Release|x64
		{529440EA-AC7B-444D-BF5B-92F01022C28F}.Release|x86.ActiveCfg = Release|Win32
		{529440EA-AC7B-444D-BF5B-92F01022C28F}.Release|x86.Build.0 = Release|Win32
		{03A0F099-01D8-4AA7-A95A-4DB3B93143F4}.Debug|x64.ActiveCfg = Debug|x64
		{03A0F099-01D8-4AA7-A95A-4DB3B93143F4}.Debug|x64.Build.0 = Debug|x64
		{03A0F099-01D8-4AA7-A95A-4DB3B93143F4}.Debug|x86.ActiveCfg = Debug|Win32
		{03A0F099-01D8-4AA7-A95A-4DB3B93143F4}.Debug|x86.Build.0 = Debug|Win32
		{03A0F099-01D8-4AA7-A95A-4DB3B93143F4}.Release|x64.ActiveCfg = Release|x64
		{03A0F099-01D8-4AA7-A95A-4DB3B93143F4}.Release|x64.Build.0 = Release|x64
		{03A0F099-01D8-4AA7-A95A-4DB3B93143F4}.Release|x86.ActiveCfg = Release|Win32
		{03A0F099-01D8-4AA7-A95A-4DB3B93143F4}.Release|x86.Build.0 = Release|Win32
		{53489833-D6DE-4DFE-8A26-0F455B992F08}.Debug|x64.ActiveCfg = Debug|x64
		{53489833-D6DE-4DFE-8A26-0F455B992F08}.Debug|x64.Build.0 = Debug|x64
		{53489833-D6DE-4DFE-8A26-0F455B992F08}.Debug|x86.ActiveCfg = Debug|Win32
		{53489833-D6DE-4DFE-8A26-0F455B992F08}.Debug|x86.Build.0 = Debug|Win32
		{53489833-D6DE-4DFE-8A26-0F455B992F08}.Release|x64.ActiveCfg = Release|x64
		{53489833-D6DE-4DFE-8A26-0F455B992F08}.Release|x64.Build.0 = Release|x64
		{53489833-D6DE-4DFE-8A26-0F455B992F08}.Release|x86.ActiveCfg = Release|Win32
		{53489833-D6DE-4DFE-8A26-0F455B992F08}.Release|x86.Build.0 = Release|Win32
		{36F46533-FFC1-42CF-B9D1-10E1DA43ECCD}.Debug|x64.ActiveCfg = Debug|x64
		{36F46533-FFC1-42CF-B9D1-10E1DA43ECCD}.Debug|x64.Build.0 = Debug|x64
		{36F46533-FFC1-42CF-B9D1-10E1DA43ECCD}.Debug|x86.ActiveCfg = Debug|Win32
		{36F46533-FFC1-42CF-B9D1-10E1DA43ECCD}.Debug|x86.Build.0 = Debug|Win32
		{36F46533-FFC1-42CF-B9D1-10E1DA43ECCD}.Release|x64.ActiveCfg = Release|x64
		{36F46533-FFC1-42CF-B9D1-10E1DA43ECCD}.Release|x64.Build.0 = Release|x64
		{36F46533-FFC1-42CF-B9D1-10E1DA43ECCD}.Release|x86.ActiveCfg = Release|Win32
		{36F46533-FFC1-42CF-B9D1-10E1DA43ECCD}.Release|x86.Build.0 = Release|Win32
		{C98B96FC-22C0-44CE-BFD7-6D7B7DD02974}.Debug|x64.ActiveCfg = Debug|x64
		{C98B96FC-22C0-44CE-BFD7-6D7B7DD02974}.Debug|x64.Build.0 = Debug|x64
		{C98B96FC-22C0-44CE-BFD7-6D7B7DD02974}.Debug|x86.ActiveCfg = Debug|Win32
		{C98B96FC-22C0-44CE-BFD7-6D7B7DD02974}.Debug|x86.Build.0 = Debug|Win32
		{C98B96FC-22C0-44CE-BFD7-6D7B7DD02974}.Release|x64.ActiveCfg = Release|x64
		{C98B96FC-22C0-44CE-BFD7-6D7B7DD02974}.Release|x64.Build.0 = Release|x64
		{C98B96FC-22C0-44CE-BFD7-6D7B7DD02974}.Release|x86.ActiveCfg = Release|Win32
		{C98B96FC-22C0-44CE-BFD7-6D7B7DD02974}.Release|x86.Build.0 = Release|Win32
		{40602D94-100F-4FB0-B644-CCA57075F140}.Debug|x64.ActiveCfg = Debug|x64
		{40602D94-100F-4FB0-B644-CCA57075F140}.Debug|x64.Build.0 = Debug|x64
		{40602D94-100F-4FB0-B644-CCA57075F140}.Debug|x86.ActiveCfg = Debug|Win32
		{40602D94-100F-4FB0-B644-CCA57075F140}.Debug|x86.Build.0 = Debug|Win32
		{40602D94-100F-4FB0-B644-CCA57075F140}.Release|x64.ActiveCfg = Release|x64
		{40602D94-100F-4FB0-B644-CCA57075F140}.Release|x64.Build.0 = Release|x64
		{40602D94-100F-4FB0-B644-CCA57075F140}.Release|x86.ActiveCfg = Release|Win32
		{40602D94-100F-4FB0-B644-CCA57075F140}.Release|x86.Build.0 = Release|Win32
	EndGlobalSection
	GlobalSection(SolutionProperties) = preSolution
		HideSolutionNode = FALSE
	EndGlobalSection
	GlobalSection(NestedProjects) = preSolution
		{A01F9D71-EEB5-4AD4-AA12-F0575BB3F608} = {0BE01FBE-895E-4F1F-9435-D34DE5FABC57}
		{3200A72F-AB7A-4F4D-B84B-C305C7D94483} = {0BE01FBE-895E-4F1F-9435-D34DE5FABC57}
		{6A1C4474-568C-4483-8A8B-E489B793206A} = {7B3369ED-DD30-4307-853B-AD45F555EE35}
		{095A194A-606F-4C0A-AF9F-CACD3D616C5E} = {0BE01FBE-895E-4F1F-9435-D34DE5FABC57}
		{EFE646E3-2258-4B22-B1FB-2CE13DC93357} = {0BE01FBE-895E-4F1F-9435-D34DE5FABC57}
		{13444226-3B54-42DE-955D-4AE5C832686E} = {0BE01FBE-895E-4F1F-9435-D34DE5FABC57}
		{216A0087-7565-4AF5-823D-EEFD854BCEB4} = {0BE01FBE-895E-4F1F-9435-D34DE5FABC57}
		{D31CBB1D-096A-45D0-9A4E-7DE8E4C8CDD4} = {0BE01FBE-895E-4F1F-9435-D34DE5FABC57}
		{27F2EC86-2846-4A02-9130-CABDEC96982D} = {0BE01FBE-895E-4F1F-9435-D34DE5FABC57}
		{0028D801-603E-44F3-9C06-11CA0E79FEF1} = {7B3369ED-DD30-4307-853B-AD45F555EE35}
		{63CB3D45-447F-4751-A56C-04F722D8839F} = {7B3369ED-DD30-4307-853B-AD45F555EE35}
		{3B4DFC4A-83E3-440B-AB86-1F9B202116D7} = {7B3369ED-DD30-4307-853B-AD45F555EE35}
		{A499C0AE-065A-41E1-B08E-BACDC3CB48C1} = {7B3369ED-DD30-4307-853B-AD45F555EE35}
		{EABD4F6C-57D0-4D22-B876-C7F2B0C89905} = {7B3369ED-DD30-4307-853B-AD45F555EE35}
		{2D2F9435-978C-4BC6-95C6-0965A63EBF99} = {7B3369ED-DD30-4307-853B-AD45F555EE35}
		{906A5198-5267-44AF-BAF2-9E5FBBC47EB8} = {7B3369ED-DD30-4307-853B-AD45F555EE35}
		{8F8271F6-123F-4753-99B4-2683DF7AD906} = {7B3369ED-DD30-4307-853B-AD45F555EE35}
		{BA417CAB-B5C4-4495-945E-9DFFD9BD4EC6} = {7B3369ED-DD30-4307-853B-AD45F555EE35}
		{1F9967CF-F026-4E09-8F09-2CFE78048F79} = {7B3369ED-DD30-4307-853B-AD45F555EE35}
		{26A30D1E-C455-4E73-BADC-D0CB852E1E1B} = {8379A83D-098F-4A72-B509-FDE9E9665EB9}
		{D0C3AA03-C40F-4DA3-95D5-AE68E3453CB7} = {8379A83D-098F-4A72-B509-FDE9E9665EB9}
		{E0E28BE2-65F5-499A-B342-10D2D4933685} = {8379A83D-098F-4A72-B509-FDE9E9665EB9}
		{7C11EEBE-17A4-4FDD-9ACB-AA522C6A9495} = {8379A83D-098F-4A72-B509-FDE9E9665EB9}
		{22F8E43A-EB1E-40AB-9FC3-4950D0CB20B7} = {8379A83D-098F-4A72-B509-FDE9E9665EB9}
		{C7BE89A2-7E47-401E-934B-E0BAB248E81B} = {8379A83D-098F-4A72-B509-FDE9E9665EB9}
		{55906F51-DB68-48A8-971C-E7BDC00479F5} = {A4476FFA-64C4-4AA6-B67F-98048B6B200C}
		{2A17D204-AE2C-4A0C-A058-41594CA0F1C1} = {A4476FFA-64C4-4AA6-B67F-98048B6B200C}
		{529440EA-AC7B-444D-BF5B-92F01022C28F} = {A4476FFA-64C4-4AA6-B67F-98048B6B200C}
		{03A0F099-01D8-4AA7-A95A-4DB3B93143F4} = {A4476FFA-64C4-4AA6-B67F-98048B6B200C}
		{53489833-D6DE-4DFE-8A26-0F455B992F08} = {A4476FFA-64C4-4AA6-B67F-98048B6B200C}
		{36F46533-FFC1-42CF-B9D1-10E1DA43ECCD} = {A4476FFA-64C4-4AA6-B67F-98048B6B200C}
		{C98B96FC-22C0-44CE-BFD7-6D7B7DD02974} = {A4476FFA-64C4-4AA6-B67F-98048B6B200C}
		{40602D94-100F-4FB0-B644-CCA57075F140} = {A4476FFA-64C4-4AA6-B67F-98048B6B200C}
	EndGlobalSection
	GlobalSection(ExtensibilityGlobals) = postSolution
		SolutionGuid = {00A66CC0-BFA0-4B46-A7A2-537116FEDD2D}
	EndGlobalSection
EndGlobal
